<?xml version="1.0" encoding="utf-8"?>
<Project ToolsVersion="4.0" xmlns="http://schemas.microsoft.com/developer/msbuild/2003">
  <ItemGroup>
    <Filter Include="common">
      <UniqueIdentifier>{C06D9A8E-970A-4F91-A04D-2C090F153540}</UniqueIdentifier>
    </Filter>
    <Filter Include="quote">
      <UniqueIdentifier>{930BE2D1-F3A1-4757-BB76-D618920C4140}</UniqueIdentifier>
    </Filter>
    <Filter Include="quote\v1">
      <UniqueIdentifier>{AB4BE8D7-938F-4F87-AB9D-657051021D3B}</UniqueIdentifier>
    </Filter>
    <Filter Include="network">
      <UniqueIdentifier>{EAB94982-D92A-4171-9A07-B9B19F0E642D}</UniqueIdentifier>
    </Filter>
    <Filter Include="python">
      <UniqueIdentifier>{F5A036CE-EA6D-4077-A3D6-15D69AA75226}</UniqueIdentifier>
    </Filter>
    <Filter Include="provider">
      <UniqueIdentifier>{6A3BEED2-A350-47AB-A5B0-BF203C89AB90}</UniqueIdentifier>
    </Filter>
    <Filter Include="thread">
      <UniqueIdentifier>{CA1F0A25-B4CA-40F2-8871-F76D1194789B}</UniqueIdentifier>
    </Filter>
    <Filter Include="config">
      <UniqueIdentifier>{52CB745B-A8B8-47F7-BF61-FFDF236B44A1}</UniqueIdentifier>
    </Filter>
    <Filter Include="basic">
      <UniqueIdentifier>{62F5278F-B338-419A-862A-B60811FAF5E7}</UniqueIdentifier>
    </Filter>
    <Filter Include="request">
      <UniqueIdentifier>{D704967E-EAA8-4F89-860C-AFA51A3FAD83}</UniqueIdentifier>
    </Filter>
    <Filter Include="database">
      <UniqueIdentifier>{84051DC7-B27E-41BA-8271-18224CE74A04}</UniqueIdentifier>
    </Filter>
    <Filter Include="system">
      <UniqueIdentifier>{D31FF061-2CBA-4A6B-82E4-BAE5F0A3DA2E}</UniqueIdentifier>
    </Filter>
    <Filter Include="ini">
      <UniqueIdentifier>{59634C86-2046-4BB9-BA2D-F9B49D2334CB}</UniqueIdentifier>
    </Filter>
  </ItemGroup>
  <ItemGroup>
    <ClCompile Include="database\CDBEngine.cpp">
      <Filter>database</Filter>
    </ClCompile>
    <ClCompile Include="database\CMySQL.cpp">
      <Filter>database</Filter>
    </ClCompile>
    <ClCompile Include="database\CODBC.cpp">
      <Filter>database</Filter>
    </ClCompile>
    <ClCompile Include="database\COracle.cpp">
      <Filter>database</Filter>
    </ClCompile>
    <ClCompile Include="database\CSQLite3.cpp">
      <Filter>database</Filter>
    </ClCompile>
    <ClCompile Include="database\IDataBase.cpp">
      <Filter>database</Filter>
    </ClCompile>
    <ClCompile Include="request\request.cpp">
      <Filter>request</Filter>
    </ClCompile>
    <ClCompile Include="request\request.pb.cc">
      <Filter>request</Filter>
    </ClCompile>
    <ClCompile Include="common\defines.cpp">
      <Filter>common</Filter>
    </ClCompile>
    <ClCompile Include="common\utility.cpp">
      <Filter>common</Filter>
    </ClCompile>
    <ClCompile Include="ini\CINIHandler.cpp">
      <Filter>ini</Filter>
    </ClCompile>
    <ClCompile Include="ini\CIniFile.cpp">
      <Filter>ini</Filter>
    </ClCompile>
	<ClCompile Include="main.cpp" />
	<ClCompile Include="quote\CHQBroker.cpp">
	  <Filter>quote</Filter>
	</ClCompile>
    <ClCompile Include="quote\CSubscriptionMgr.cpp">
      <Filter>quote</Filter>
    </ClCompile>
    <ClCompile Include="quote\MarketTypes.cpp">
      <Filter>quote</Filter>
    </ClCompile>
    <ClCompile Include="quote\v1\market.pb.cc">
      <Filter>quote\v1</Filter>
    </ClCompile>
    <ClCompile Include="network\CFrameCodec.cpp">
      <Filter>network</Filter>
    </ClCompile>
    <ClCompile Include="network\CHttpServer.cpp">
      <Filter>network</Filter>
    </ClCompile>
    <ClCompile Include="network\CTcpServer.cpp">
      <Filter>network</Filter>
    </ClCompile>
    <ClCompile Include="network\CNet.cpp">
      <Filter>network</Filter>
    </ClCompile>
    <ClCompile Include="network\CNetPool.cpp">
      <Filter>network</Filter>
    </ClCompile>
    <ClCompile Include="network\CNetTools.cpp">
      <Filter>network</Filter>
    </ClCompile>
    <ClCompile Include="network\common_net.cpp">
      <Filter>network</Filter>
    </ClCompile>
    <ClCompile Include="provider\CMooTdxProvider.cpp">
      <Filter>provider</Filter>
    </ClCompile>
    <ClCompile Include="provider\CAkShareProvider.cpp">
      <Filter>provider</Filter>
    </ClCompile>
    <ClCompile Include="python\CPythonRuntime.cpp">
      <Filter>python</Filter>
    </ClCompile>
    <ClCompile Include="system\CBootLoader.cpp">
      <Filter>system</Filter>
    </ClCompile>
    <ClCompile Include="quote\CHQService.cpp">
      <Filter>quote</Filter>
    </ClCompile>
    <ClCompile Include="thread\CThreadPool.cpp">
      <Filter>thread</Filter>
    </ClCompile>
    <ClCompile Include="database\common_db.cpp">
      <Filter>database</Filter>
    </ClCompile>
    <ClCompile Include="quote\CHQCache.cpp">
      <Filter>quote</Filter>
    </ClCompile>
    <ClCompile Include="quote\CHQRecorder.cpp">
      <Filter>quote</Filter>
    </ClCompile>
  </ItemGroup>
  <ItemGroup>
    <ClInclude Include="database\CDBEngine.h">
      <Filter>database</Filter>
    </ClInclude>
    <ClInclude Include="database\CMySQL.h">
      <Filter>database</Filter>
    </ClInclude>
    <ClInclude Include="database\CODBC.h">
      <Filter>database</Filter>
    </ClInclude>
    <ClInclude Include="database\COracle.h">
      <Filter>database</Filter>
    </ClInclude>
    <ClInclude Include="database\CSQLite3.h">
      <Filter>database</Filter>
    </ClInclude>
    <ClInclude Include="database\IDataBase.h">
      <Filter>database</Filter>
    </ClInclude>
    <ClInclude Include="basic\CDistributor.h">
      <Filter>basic</Filter>
    </ClInclude>
    <ClInclude Include="common\container.h">
      <Filter>common</Filter>
    </ClInclude>
    <ClInclude Include="common\container_traits.h">
      <Filter>common</Filter>
    </ClInclude>
    <ClInclude Include="common\defines.h">
      <Filter>common</Filter>
    </ClInclude>
    <ClInclude Include="common\mapped_value.h">
      <Filter>common</Filter>
    </ClInclude>
    <ClInclude Include="common\ISingleton.h">
      <Filter>common</Filter>
    </ClInclude>
    <ClInclude Include="common\traits.h">
      <Filter>common</Filter>
    </ClInclude>
    <ClInclude Include="common\utility.h">
      <Filter>common</Filter>
    </ClInclude>
    <ClInclude Include="ini\CINIHandler.h">
      <Filter>ini</Filter>
    </ClInclude>
    <ClInclude Include="ini\CIniFile.h">
      <Filter>ini</Filter>
    </ClInclude>
	<ClInclude Include="quote\CSubscriptionMgr.h">
      <Filter>quote</Filter>
	</ClInclude>
	<ClInclude Include="quote\CHQBroker.h">
	  <Filter>quote</Filter>
	</ClInclude>
    <ClInclude Include="quote\IMarketProvider.h">
      <Filter>quote</Filter>
    </ClInclude>
    <ClInclude Include="quote\MarketTypes.h">
      <Filter>quote</Filter>
    </ClInclude>
    <ClInclude Include="quote\v1\market.pb.h">
      <Filter>quote\v1</Filter>
    </ClInclude>
    <ClInclude Include="network\CFrameCodec.h">
      <Filter>network</Filter>
    </ClInclude>
    <ClInclude Include="network\CHttpServer.h">
      <Filter>network</Filter>
    </ClInclude>
    <ClInclude Include="network\CTcpServer.h">
      <Filter>network</Filter>
    </ClInclude>
    <ClInclude Include="network\CNet.h">
      <Filter>network</Filter>
    </ClInclude>
    <ClInclude Include="network\CNetPool.h">
      <Filter>network</Filter>
    </ClInclude>
    <ClInclude Include="network\CNetRouter.h">
      <Filter>network</Filter>
    </ClInclude>
    <ClInclude Include="network\CNetTools.h">
      <Filter>network</Filter>
    </ClInclude>
    <ClInclude Include="network\common_net.h">
      <Filter>network</Filter>
    </ClInclude>
    <ClInclude Include="provider\CMooTdxProvider.h">
      <Filter>provider</Filter>
    </ClInclude>
    <ClInclude Include="provider\CAkShareProvider.h">
      <Filter>provider</Filter>
    </ClInclude>
    <ClInclude Include="python\CPythonRuntime.h">
      <Filter>python</Filter>
    </ClInclude>
    <ClInclude Include="system\CBootLoader.h">
      <Filter>system</Filter>
    </ClInclude>
    <ClInclude Include="quote\CHQService.h">
      <Filter>quote</Filter>
    </ClInclude>
    <ClInclude Include="thread\CThreadPool.h">
      <Filter>thread</Filter>
    </ClInclude>
    <ClInclude Include="request\request.h">
      <Filter>request</Filter>
    </ClInclude>
    <ClInclude Include="request\request.pb.h">
      <Filter>request</Filter>
    </ClInclude>
    <ClInclude Include="database\common_db.h">
      <Filter>database</Filter>
    </ClInclude>
    <ClInclude Include="quote\CHQCache.h">
      <Filter>quote</Filter>
    </ClInclude>
    <ClInclude Include="quote\CHQRecorder.h">
      <Filter>quote</Filter>
    </ClInclude>
  </ItemGroup>
  <ItemGroup>
    <None Include="config\hqmarket.json">
      <Filter>config</Filter>
    </None>
    <None Include="ini\system.ini">
      <Filter>ini</Filter>
    </None>
    <None Include="quote\v1\market.proto">
      <Filter>quote\v1</Filter>
    </None>
    <None Include="$(OutDir)python\scripts\requirements.lock">
      <Filter>python</Filter>
    </None>
  </ItemGroup>
</Project>
