<?xml version="1.0" encoding="utf-8"?>
<Project ToolsVersion="4.0" xmlns="http://schemas.microsoft.com/developer/msbuild/2003">
  <ItemGroup>
    <Filter Include="common">
      <UniqueIdentifier>{C06D9A8E-970A-4F91-A04D-2C090F153540}</UniqueIdentifier>
    </Filter>
    <Filter Include="market">
      <UniqueIdentifier>{930BE2D1-F3A1-4757-BB76-D618920C4140}</UniqueIdentifier>
    </Filter>
    <Filter Include="market\v1">
      <UniqueIdentifier>{AB4BE8D7-938F-4F87-AB9D-657051021D3B}</UniqueIdentifier>
    </Filter>
    <Filter Include="network">
      <UniqueIdentifier>{EAB94982-D92A-4171-9A07-B9B19F0E642D}</UniqueIdentifier>
    </Filter>
    <Filter Include="python">
      <UniqueIdentifier>{F5A036CE-EA6D-4077-A3D6-15D69AA75226}</UniqueIdentifier>
    </Filter>
    <Filter Include="service">
      <UniqueIdentifier>{1F2F5B9C-B986-41E2-9302-8960282F4D35}</UniqueIdentifier>
    </Filter>
    <Filter Include="storage">
      <UniqueIdentifier>{F28D0B0D-A194-4DC6-B339-77A20D434F01}</UniqueIdentifier>
    </Filter>
    <Filter Include="thread">
      <UniqueIdentifier>{CA1F0A25-B4CA-40F2-8871-F76D1194789B}</UniqueIdentifier>
    </Filter>
    <Filter Include="config">
      <UniqueIdentifier>{52CB745B-A8B8-47F7-BF61-FFDF236B44A1}</UniqueIdentifier>
    </Filter>
  </ItemGroup>
  <ItemGroup>
    <ClCompile Include="common\defines.cpp"><Filter>common</Filter></ClCompile>
    <ClCompile Include="common\utility.cpp"><Filter>common</Filter></ClCompile>
    <ClCompile Include="main.cpp" />
    <ClCompile Include="market\CMarketCache.cpp"><Filter>market</Filter></ClCompile>
    <ClCompile Include="market\CSubscriptionManager.cpp"><Filter>market</Filter></ClCompile>
    <ClCompile Include="market\MarketTypes.cpp"><Filter>market</Filter></ClCompile>
    <ClCompile Include="market\v1\market.pb.cc"><Filter>market\v1</Filter></ClCompile>
    <ClCompile Include="network\CFrameCodec.cpp"><Filter>network</Filter></ClCompile>
    <ClCompile Include="network\CHttpServer.cpp"><Filter>network</Filter></ClCompile>
    <ClCompile Include="network\CMarketTcpServer.cpp"><Filter>network</Filter></ClCompile>
    <ClCompile Include="network\CNet.cpp"><Filter>network</Filter></ClCompile>
    <ClCompile Include="network\netcommon.cpp"><Filter>network</Filter></ClCompile>
    <ClCompile Include="python\CMooTdxProvider.cpp"><Filter>python</Filter></ClCompile>
    <ClCompile Include="python\CAkShareProvider.cpp"><Filter>python</Filter></ClCompile>
    <ClCompile Include="python\CPythonRuntime.cpp"><Filter>python</Filter></ClCompile>
    <ClCompile Include="service\CMarketService.cpp"><Filter>service</Filter></ClCompile>
    <ClCompile Include="storage\CMarketStorage.cpp"><Filter>storage</Filter></ClCompile>
    <ClCompile Include="thread\CThreadPool.cpp"><Filter>thread</Filter></ClCompile>
  </ItemGroup>
  <ItemGroup>
    <ClInclude Include="common\defines.h"><Filter>common</Filter></ClInclude>
    <ClInclude Include="common\mapped_value.h"><Filter>common</Filter></ClInclude>
    <ClInclude Include="common\utility.h"><Filter>common</Filter></ClInclude>
    <ClInclude Include="market\CMarketCache.h"><Filter>market</Filter></ClInclude>
    <ClInclude Include="market\CSubscriptionManager.h"><Filter>market</Filter></ClInclude>
    <ClInclude Include="market\IMarketProvider.h"><Filter>market</Filter></ClInclude>
    <ClInclude Include="market\MarketTypes.h"><Filter>market</Filter></ClInclude>
    <ClInclude Include="market\v1\market.pb.h"><Filter>market\v1</Filter></ClInclude>
    <ClInclude Include="network\CFrameCodec.h"><Filter>network</Filter></ClInclude>
    <ClInclude Include="network\CHttpServer.h"><Filter>network</Filter></ClInclude>
    <ClInclude Include="network\CMarketTcpServer.h"><Filter>network</Filter></ClInclude>
    <ClInclude Include="network\CNet.h"><Filter>network</Filter></ClInclude>
    <ClInclude Include="network\netcommon.h"><Filter>network</Filter></ClInclude>
    <ClInclude Include="python\CMooTdxProvider.h"><Filter>python</Filter></ClInclude>
    <ClInclude Include="python\CAkShareProvider.h"><Filter>python</Filter></ClInclude>
    <ClInclude Include="python\CPythonRuntime.h"><Filter>python</Filter></ClInclude>
    <ClInclude Include="service\CMarketService.h"><Filter>service</Filter></ClInclude>
    <ClInclude Include="storage\CMarketStorage.h"><Filter>storage</Filter></ClInclude>
    <ClInclude Include="thread\CThreadPool.h"><Filter>thread</Filter></ClInclude>
  </ItemGroup>
  <ItemGroup>
    <None Include="config\hqmarket.json"><Filter>config</Filter></None>
    <None Include="market\v1\market.proto"><Filter>market\v1</Filter></None>
    <None Include="python\requirements.lock"><Filter>python</Filter></None>
  </ItemGroup>
</Project>
